// !$*UTF8*$!
{
	archiveVersion = 1;
	classes = {
	};
	objectVersion = 56;
	objects = {

/* Begin PBXBuildFile section */
		6F9C9EB62A61A282003E00BA /* NavBar.swift in Sources */ = {isa = PBXBuildFile; fileRef = 6F9C9EB52A61A282003E00BA /* NavBar.swift */; };
		6F9C9EC22A61A3A1003E00BA /* Auto.swift in Sources */ = {isa = PBXBuildFile; fileRef = 6F9C9EC12A61A3A1003E00BA /* Auto.swift */; };
		6F9C9EC82A61A3F1003E00BA /* Vehicles.swift in Sources */ = {isa = PBXBuildFile; fileRef = 6F9C9EC72A61A3F1003E00BA /* Vehicles.swift */; };
		6F9C9ECE2A61A457003E00BA /* HeaderView.swift in Sources */ = {isa = PBXBuildFile; fileRef = 6F9C9ECD2A61A457003E00BA /* HeaderView.swift */; };
		6F9C9ED12A61AA98003E00BA /* VehicleInterface.swift in Sources */ = {isa = PBXBuildFile; fileRef = 6F9C9ED02A61AA98003E00BA /* VehicleInterface.swift */; };
		6F9C9ED42A61AB40003E00BA /* ContentView_Previews.swift in Sources */ = {isa = PBXBuildFile; fileRef = 6F9C9ED32A61AB40003E00BA /* ContentView_Previews.swift */; };
		6F9C9ED72A61B9A4003E00BA /* AddLicense.swift in Sources */ = {isa = PBXBuildFile; fileRef = 6F9C9ED62A61B9A4003E00BA /* AddLicense.swift */; };
		C838A5F02A610BE100771CB4 /* placapp2App.swift in Sources */ = {isa = PBXBuildFile; fileRef = C838A5EF2A610BE100771CB4 /* placapp2App.swift */; };
		C838A5F22A610BE100771CB4 /* ContentView.swift in Sources */ = {isa = PBXBuildFile; fileRef = C838A5F12A610BE100771CB4 /* ContentView.swift */; };
		C838A5F42A610BE400771CB4 /* Assets.xcassets in Resources */ = {isa = PBXBuildFile; fileRef = C838A5F32A610BE400771CB4 /* Assets.xcassets */; };
		C838A5F72A610BE400771CB4 /* Preview Assets.xcassets in Resources */ = {isa = PBXBuildFile; fileRef = C838A5F62A610BE400771CB4 /* Preview Assets.xcassets */; };
		C838A6012A610BE400771CB4 /* placapp2Tests.swift in Sources */ = {isa = PBXBuildFile; fileRef = C838A6002A610BE400771CB4 /* placapp2Tests.swift */; };
		C838A60B2A610BE400771CB4 /* placapp2UITests.swift in Sources */ = {isa = PBXBuildFile; fileRef = C838A60A2A610BE400771CB4 /* placapp2UITests.swift */; };
		C838A60D2A610BE400771CB4 /* placapp2UITestsLaunchTests.swift in Sources */ = {isa = PBXBuildFile; fileRef = C838A60C2A610BE400771CB4 /* placapp2UITestsLaunchTests.swift */; };
/* End PBXBuildFile section */

/* Begin PBXContainerItemProxy section */
		C838A5FD2A610BE400771CB4 /* PBXContainerItemProxy */ = {
			isa = PBXContainerItemProxy;
			containerPortal = C838A5E42A610BE100771CB4 /* Project object */;
			proxyType = 1;
			remoteGlobalIDString = C838A5EB2A610BE100771CB4;
			remoteInfo = placapp2;
		};
		C838A6072A610BE400771CB4 /* PBXContainerItemProxy */ = {
			isa = PBXContainerItemProxy;
			containerPortal = C838A5E42A610BE100771CB4 /* Project object */;
			proxyType = 1;
			remoteGlobalIDString = C838A5EB2A610BE100771CB4;
			remoteInfo = placapp2;
		};
/* End PBXContainerItemProxy section */

/* Begin PBXFileReference section */
		6F9C9EB52A61A282003E00BA /* NavBar.swift */ = {isa = PBXFileReference; lastKnownFileType = sourcecode.swift; path = NavBar.swift; sourceTree = "<group>"; };
		6F9C9EC12A61A3A1003E00BA /* Auto.swift */ = {isa = PBXFileReference; lastKnownFileType = sourcecode.swift; path = Auto.swift; sourceTree = "<group>"; };
		6F9C9EC72A61A3F1003E00BA /* Vehicles.swift */ = {isa = PBXFileReference; lastKnownFileType = sourcecode.swift; path = Vehicles.swift; sourceTree = "<group>"; };
		6F9C9ECD2A61A457003E00BA /* HeaderView.swift */ = {isa = PBXFileReference; lastKnownFileType = sourcecode.swift; path = HeaderView.swift; sourceTree = "<group>"; };
		6F9C9ED02A61AA98003E00BA /* VehicleInterface.swift */ = {isa = PBXFileReference; lastKnownFileType = sourcecode.swift; path = VehicleInterface.swift; sourceTree = "<group>"; };
		6F9C9ED32A61AB40003E00BA /* ContentView_Previews.swift */ = {isa = PBXFileReference; lastKnownFileType = sourcecode.swift; path = ContentView_Previews.swift; sourceTree = "<group>"; };
		6F9C9ED62A61B9A4003E00BA /* AddLicense.swift */ = {isa = PBXFileReference; lastKnownFileType = sourcecode.swift; path = AddLicense.swift; sourceTree = "<group>"; };
		C838A5EC2A610BE100771CB4 /* placapp2.app */ = {isa = PBXFileReference; explicitFileType = wrapper.application; includeInIndex = 0; path = placapp2.app; sourceTree = BUILT_PRODUCTS_DIR; };
		C838A5EF2A610BE100771CB4 /* placapp2App.swift */ = {isa = PBXFileReference; lastKnownFileType = sourcecode.swift; path = placapp2App.swift; sourceTree = "<group>"; };
		C838A5F12A610BE100771CB4 /* ContentView.swift */ = {isa = PBXFileReference; lastKnownFileType = sourcecode.swift; path = ContentView.swift; sourceTree = "<group>"; };
		C838A5F32A610BE400771CB4 /* Assets.xcassets */ = {isa = PBXFileReference; lastKnownFileType = folder.assetcatalog; path = Assets.xcassets; sourceTree = "<group>"; };
		C838A5F62A610BE400771CB4 /* Preview Assets.xcassets */ = {isa = PBXFileReference; lastKnownFileType = folder.assetcatalog; path = "Preview Assets.xcassets"; sourceTree = "<group>"; };
		C838A5FC2A610BE400771CB4 /* placapp2Tests.xctest */ = {isa = PBXFileReference; explicitFileType = wrapper.cfbundle; includeInIndex = 0; path = placapp2Tests.xctest; sourceTree = BUILT_PRODUCTS_DIR; };
		C838A6002A610BE400771CB4 /* placapp2Tests.swift */ = {isa = PBXFileReference; lastKnownFileType = sourcecode.swift; path = placapp2Tests.swift; sourceTree = "<group>"; };
		C838A6062A610BE400771CB4 /* placapp2UITests.xctest */ = {isa = PBXFileReference; explicitFileType = wrapper.cfbundle; includeInIndex = 0; path = placapp2UITests.xctest; sourceTree = BUILT_PRODUCTS_DIR; };
		C838A60A2A610BE400771CB4 /* placapp2UITests.swift */ = {isa = PBXFileReference; lastKnownFileType = sourcecode.swift; path = placapp2UITests.swift; sourceTree = "<group>"; };
		C838A60C2A610BE400771CB4 /* placapp2UITestsLaunchTests.swift */ = {isa = PBXFileReference; lastKnownFileType = sourcecode.swift; path = placapp2UITestsLaunchTests.swift; sourceTree = "<group>"; };
/* End PBXFileReference section */

/* Begin PBXFrameworksBuildPhase section */
		C838A5E92A610BE100771CB4 /* Frameworks */ = {
			isa = PBXFrameworksBuildPhase;
			buildActionMask = 2147483647;
			files = (
			);
			runOnlyForDeploymentPostprocessing = 0;
		};
		C838A5F92A610BE400771CB4 /* Frameworks */ = {
			isa = PBXFrameworksBuildPhase;
			buildActionMask = 2147483647;
			files = (
			);
			runOnlyForDeploymentPostprocessing = 0;
		};
		C838A6032A610BE400771CB4 /* Frameworks */ = {
			isa = PBXFrameworksBuildPhase;
			buildActionMask = 2147483647;
			files = (
			);
			runOnlyForDeploymentPostprocessing = 0;
		};
/* End PBXFrameworksBuildPhase section */

/* Begin PBXGroup section */
		6F9C9EB32A61A24D003E00BA /* Views */ = {
			isa = PBXGroup;
			children = (
				6F9C9ED52A61B98C003E00BA /* AddLicense */,
				6F9C9ED22A61AB2B003E00BA /* ContentPreviews */,
				6F9C9ECC2A61A448003E00BA /* HeaderView */,
				6F9C9EC62A61A3E5003E00BA /* Vehicles */,
				6F9C9EC02A61A393003E00BA /* Auto */,
				6F9C9EB42A61A25F003E00BA /* NavBar */,
			);
			path = Views;
			sourceTree = "<group>";
		};
		6F9C9EB42A61A25F003E00BA /* NavBar */ = {
			isa = PBXGroup;
			children = (
				6F9C9EB52A61A282003E00BA /* NavBar.swift */,
			);
			path = NavBar;
			sourceTree = "<group>";
		};
		6F9C9EC02A61A393003E00BA /* Auto */ = {
			isa = PBXGroup;
			children = (
				6F9C9EC12A61A3A1003E00BA /* Auto.swift */,
			);
			path = Auto;
			sourceTree = "<group>";
		};
		6F9C9EC62A61A3E5003E00BA /* Vehicles */ = {
			isa = PBXGroup;
			children = (
				6F9C9EC72A61A3F1003E00BA /* Vehicles.swift */,
			);
			path = Vehicles;
			sourceTree = "<group>";
		};
		6F9C9ECC2A61A448003E00BA /* HeaderView */ = {
			isa = PBXGroup;
			children = (
				6F9C9ECD2A61A457003E00BA /* HeaderView.swift */,
			);
			path = HeaderView;
			sourceTree = "<group>";
		};
		6F9C9ECF2A61AA84003E00BA /* Interface */ = {
			isa = PBXGroup;
			children = (
				6F9C9ED02A61AA98003E00BA /* VehicleInterface.swift */,
			);
			path = Interface;
			sourceTree = "<group>";
		};
		6F9C9ED22A61AB2B003E00BA /* ContentPreviews */ = {
			isa = PBXGroup;
			children = (
				6F9C9ED32A61AB40003E00BA /* ContentView_Previews.swift */,
			);
			path = ContentPreviews;
			sourceTree = "<group>";
		};
		6F9C9ED52A61B98C003E00BA /* AddLicense */ = {
			isa = PBXGroup;
			children = (
				6F9C9ED62A61B9A4003E00BA /* AddLicense.swift */,
			);
			path = AddLicense;
			sourceTree = "<group>";
		};
		C838A5E32A610BE100771CB4 = {
			isa = PBXGroup;
			children = (
				C838A5EE2A610BE100771CB4 /* placapp2 */,
				C838A5FF2A610BE400771CB4 /* placapp2Tests */,
				C838A6092A610BE400771CB4 /* placapp2UITests */,
				C838A5ED2A610BE100771CB4 /* Products */,
			);
			sourceTree = "<group>";
		};
		C838A5ED2A610BE100771CB4 /* Products */ = {
			isa = PBXGroup;
			children = (
				C838A5EC2A610BE100771CB4 /* placapp2.app */,
				C838A5FC2A610BE400771CB4 /* placapp2Tests.xctest */,
				C838A6062A610BE400771CB4 /* placapp2UITests.xctest */,
			);
			name = Products;
			sourceTree = "<group>";
		};
		C838A5EE2A610BE100771CB4 /* placapp2 */ = {
			isa = PBXGroup;
			children = (
				6F9C9ECF2A61AA84003E00BA /* Interface */,
				6F9C9EB32A61A24D003E00BA /* Views */,
				C838A5EF2A610BE100771CB4 /* placapp2App.swift */,
				C838A5F12A610BE100771CB4 /* ContentView.swift */,
				C838A5F32A610BE400771CB4 /* Assets.xcassets */,
				C838A5F52A610BE400771CB4 /* Preview Content */,
			);
			path = placapp2;
			sourceTree = "<group>";
		};
		C838A5F52A610BE400771CB4 /* Preview Content */ = {
			isa = PBXGroup;
			children = (
				C838A5F62A610BE400771CB4 /* Preview Assets.xcassets */,
			);
			path = "Preview Content";
			sourceTree = "<group>";
		};
		C838A5FF2A610BE400771CB4 /* placapp2Tests */ = {
			isa = PBXGroup;
			children = (
				C838A6002A610BE400771CB4 /* placapp2Tests.swift */,
			);
			path = placapp2Tests;
			sourceTree = "<group>";
		};
		C838A6092A610BE400771CB4 /* placapp2UITests */ = {
			isa = PBXGroup;
			children = (
				C838A60A2A610BE400771CB4 /* placapp2UITests.swift */,
				C838A60C2A610BE400771CB4 /* placapp2UITestsLaunchTests.swift */,
			);
			path = placapp2UITests;
			sourceTree = "<group>";
		};
/* End PBXGroup section */

/* Begin PBXNativeTarget section */
		C838A5EB2A610BE100771CB4 /* placapp2 */ = {
			isa = PBXNativeTarget;
			buildConfigurationList = C838A6102A610BE400771CB4 /* Build configuration list for PBXNativeTarget "placapp2" */;
			buildPhases = (
				C838A5E82A610BE100771CB4 /* Sources */,
				C838A5E92A610BE100771CB4 /* Frameworks */,
				C838A5EA2A610BE100771CB4 /* Resources */,
			);
			buildRules = (
			);
			dependencies = (
			);
			name = placapp2;
			productName = placapp2;
			productReference = C838A5EC2A610BE100771CB4 /* placapp2.app */;
			productType = "com.apple.product-type.application";
		};
		C838A5FB2A610BE400771CB4 /* placapp2Tests */ = {
			isa = PBXNativeTarget;
			buildConfigurationList = C838A6132A610BE400771CB4 /* Build configuration list for PBXNativeTarget "placapp2Tests" */;
			buildPhases = (
				C838A5F82A610BE400771CB4 /* Sources */,
				C838A5F92A610BE400771CB4 /* Frameworks */,
				C838A5FA2A610BE400771CB4 /* Resources */,
			);
			buildRules = (
			);
			dependencies = (
				C838A5FE2A610BE400771CB4 /* PBXTargetDependency */,
			);
			name = placapp2Tests;
			productName = placapp2Tests;
			productReference = C838A5FC2A610BE400771CB4 /* placapp2Tests.xctest */;
			productType = "com.apple.product-type.bundle.unit-test";
		};
		C838A6052A610BE400771CB4 /* placapp2UITests */ = {
			isa = PBXNativeTarget;
			buildConfigurationList = C838A6162A610BE400771CB4 /* Build configuration list for PBXNativeTarget "placapp2UITests" */;
			buildPhases = (
				C838A6022A610BE400771CB4 /* Sources */,
				C838A6032A610BE400771CB4 /* Frameworks */,
				C838A6042A610BE400771CB4 /* Resources */,
			);
			buildRules = (
			);
			dependencies = (
				C838A6082A610BE400771CB4 /* PBXTargetDependency */,
			);
			name = placapp2UITests;
			productName = placapp2UITests;
			productReference = C838A6062A610BE400771CB4 /* placapp2UITests.xctest */;
			productType = "com.apple.product-type.bundle.ui-testing";
		};
/* End PBXNativeTarget section */

/* Begin PBXProject section */
		C838A5E42A610BE100771CB4 /* Project object */ = {
			isa = PBXProject;
			attributes = {
				BuildIndependentTargetsInParallel = 1;
				LastSwiftUpdateCheck = 1430;
				LastUpgradeCheck = 1430;
				TargetAttributes = {
					C838A5EB2A610BE100771CB4 = {
						CreatedOnToolsVersion = 14.3.1;
					};
					C838A5FB2A610BE400771CB4 = {
						CreatedOnToolsVersion = 14.3.1;
						TestTargetID = C838A5EB2A610BE100771CB4;
					};
					C838A6052A610BE400771CB4 = {
						CreatedOnToolsVersion = 14.3.1;
						TestTargetID = C838A5EB2A610BE100771CB4;
					};
				};
			};
			buildConfigurationList = C838A5E72A610BE100771CB4 /* Build configuration list for PBXProject "placapp2" */;
			compatibilityVersion = "Xcode 14.0";
			developmentRegion = en;
			hasScannedForEncodings = 0;
			knownRegions = (
				en,
				Base,
			);
			mainGroup = C838A5E32A610BE100771CB4;
			productRefGroup = C838A5ED2A610BE100771CB4 /* Products */;
			projectDirPath = "";
			projectRoot = "";
			targets = (
				C838A5EB2A610BE100771CB4 /* placapp2 */,
				C838A5FB2A610BE400771CB4 /* placapp2Tests */,
				C838A6052A610BE400771CB4 /* placapp2UITests */,
			);
		};
/* End PBXProject section */

/* Begin PBXResourcesBuildPhase section */
		C838A5EA2A610BE100771CB4 /* Resources */ = {
			isa = PBXResourcesBuildPhase;
			buildActionMask = 2147483647;
			files = (
				C838A5F72A610BE400771CB4 /* Preview Assets.xcassets in Resources */,
				C838A5F42A610BE400771CB4 /* Assets.xcassets in Resources */,
			);
			runOnlyForDeploymentPostprocessing = 0;
		};
		C838A5FA2A610BE400771CB4 /* Resources */ = {
			isa = PBXResourcesBuildPhase;
			buildActionMask = 2147483647;
			files = (
			);
			runOnlyForDeploymentPostprocessing = 0;
		};
		C838A6042A610BE400771CB4 /* Resources */ = {
			isa = PBXResourcesBuildPhase;
			buildActionMask = 2147483647;
			files = (
			);
			runOnlyForDeploymentPostprocessing = 0;
		};
/* End PBXResourcesBuildPhase section */

/* Begin PBXSourcesBuildPhase section */
		C838A5E82A610BE100771CB4 /* Sources */ = {
			isa = PBXSourcesBuildPhase;
			buildActionMask = 2147483647;
			files = (
				C838A5F22A610BE100771CB4 /* ContentView.swift in Sources */,
				6F9C9ED12A61AA98003E00BA /* VehicleInterface.swift in Sources */,
				6F9C9EC22A61A3A1003E00BA /* Auto.swift in Sources */,
				C838A5F02A610BE100771CB4 /* placapp2App.swift in Sources */,
				6F9C9ECE2A61A457003E00BA /* HeaderView.swift in Sources */,
				6F9C9EC82A61A3F1003E00BA /* Vehicles.swift in Sources */,
				6F9C9EB62A61A282003E00BA /* NavBar.swift in Sources */,
				6F9C9ED72A61B9A4003E00BA /* AddLicense.swift in Sources */,
				6F9C9ED42A61AB40003E00BA /* ContentView_Previews.swift in Sources */,
			);
			runOnlyForDeploymentPostprocessing = 0;
		};
		C838A5F82A610BE400771CB4 /* Sources */ = {
			isa = PBXSourcesBuildPhase;
			buildActionMask = 2147483647;
			files = (
				C838A6012A610BE400771CB4 /* placapp2Tests.swift in Sources */,
			);
			runOnlyForDeploymentPostprocessing = 0;
		};
		C838A6022A610BE400771CB4 /* Sources */ = {
			isa = PBXSourcesBuildPhase;
			buildActionMask = 2147483647;
			files = (
				C838A60D2A610BE400771CB4 /* placapp2UITestsLaunchTests.swift in Sources */,
				C838A60B2A610BE400771CB4 /* placapp2UITests.swift in Sources */,
			);
			runOnlyForDeploymentPostprocessing = 0;
		};
/* End PBXSourcesBuildPhase section */

/* Begin PBXTargetDependency section */
		C838A5FE2A610BE400771CB4 /* PBXTargetDependency */ = {
			isa = PBXTargetDependency;
			target = C838A5EB2A610BE100771CB4 /* placapp2 */;
			targetProxy = C838A5FD2A610BE400771CB4 /* PBXContainerItemProxy */;
		};
		C838A6082A610BE400771CB4 /* PBXTargetDependency */ = {
			isa = PBXTargetDependency;
			target = C838A5EB2A610BE100771CB4 /* placapp2 */;
			targetProxy = C838A6072A610BE400771CB4 /* PBXContainerItemProxy */;
		};
/* End PBXTargetDependency section */

/* Begin XCBuildConfiguration section */
		C838A60E2A610BE400771CB4 /* Debug */ = {
			isa = XCBuildConfiguration;
			buildSettings = {
				ALWAYS_SEARCH_USER_PATHS = NO;
				CLANG_ANALYZER_NONNULL = YES;
				CLANG_ANALYZER_NUMBER_OBJECT_CONVERSION = YES_AGGRESSIVE;
				CLANG_CXX_LANGUAGE_STANDARD = "gnu++20";
				CLANG_ENABLE_MODULES = YES;
				CLANG_ENABLE_OBJC_ARC = YES;
				CLANG_ENABLE_OBJC_WEAK = YES;
				CLANG_WARN_BLOCK_CAPTURE_AUTORELEASING = YES;
				CLANG_WARN_BOOL_CONVERSION = YES;
				CLANG_WARN_COMMA = YES;
				CLANG_WARN_CONSTANT_CONVERSION = YES;
				CLANG_WARN_DEPRECATED_OBJC_IMPLEMENTATIONS = YES;
				CLANG_WARN_DIRECT_OBJC_ISA_USAGE = YES_ERROR;
				CLANG_WARN_DOCUMENTATION_COMMENTS = YES;
				CLANG_WARN_EMPTY_BODY = YES;
				CLANG_WARN_ENUM_CONVERSION = YES;
				CLANG_WARN_INFINITE_RECURSION = YES;
				CLANG_WARN_INT_CONVERSION = YES;
				CLANG_WARN_NON_LITERAL_NULL_CONVERSION = YES;
				CLANG_WARN_OBJC_IMPLICIT_RETAIN_SELF = YES;
				CLANG_WARN_OBJC_LITERAL_CONVERSION = YES;
				CLANG_WARN_OBJC_ROOT_CLASS = YES_ERROR;
				CLANG_WARN_QUOTED_INCLUDE_IN_FRAMEWORK_HEADER = YES;
				CLANG_WARN_RANGE_LOOP_ANALYSIS = YES;
				CLANG_WARN_STRICT_PROTOTYPES = YES;
				CLANG_WARN_SUSPICIOUS_MOVE = YES;
				CLANG_WARN_UNGUARDED_AVAILABILITY = YES_AGGRESSIVE;
				CLANG_WARN_UNREACHABLE_CODE = YES;
				CLANG_WARN__DUPLICATE_METHOD_MATCH = YES;
				COPY_PHASE_STRIP = NO;
				DEBUG_INFORMATION_FORMAT = dwarf;
				ENABLE_STRICT_OBJC_MSGSEND = YES;
				ENABLE_TESTABILITY = YES;
				GCC_C_LANGUAGE_STANDARD = gnu11;
				GCC_DYNAMIC_NO_PIC = NO;
				GCC_NO_COMMON_BLOCKS = YES;
				GCC_OPTIMIZATION_LEVEL = 0;
				GCC_PREPROCESSOR_DEFINITIONS = (
					"DEBUG=1",
					"$(inherited)",
				);
				GCC_WARN_64_TO_32_BIT_CONVERSION = YES;
				GCC_WARN_ABOUT_RETURN_TYPE = YES_ERROR;
				GCC_WARN_UNDECLARED_SELECTOR = YES;
				GCC_WARN_UNINITIALIZED_AUTOS = YES_AGGRESSIVE;
				GCC_WARN_UNUSED_FUNCTION = YES;
				GCC_WARN_UNUSED_VARIABLE = YES;
				IPHONEOS_DEPLOYMENT_TARGET = 16.4;
				MTL_ENABLE_DEBUG_INFO = INCLUDE_SOURCE;
				MTL_FAST_MATH = YES;
				ONLY_ACTIVE_ARCH = YES;
				SDKROOT = iphoneos;
				SWIFT_ACTIVE_COMPILATION_CONDITIONS = DEBUG;
				SWIFT_OPTIMIZATION_LEVEL = "-Onone";
			};
			name = Debug;
		};
		C838A60F2A610BE400771CB4 /* Release */ = {
			isa = XCBuildConfiguration;
			buildSettings = {
				ALWAYS_SEARCH_USER_PATHS = NO;
				CLANG_ANALYZER_NONNULL = YES;
				CLANG_ANALYZER_NUMBER_OBJECT_CONVERSION = YES_AGGRESSIVE;
				CLANG_CXX_LANGUAGE_STANDARD = "gnu++20";
				CLANG_ENABLE_MODULES = YES;
				CLANG_ENABLE_OBJC_ARC = YES;
				CLANG_ENABLE_OBJC_WEAK = YES;
				CLANG_WARN_BLOCK_CAPTURE_AUTORELEASING = YES;
				CLANG_WARN_BOOL_CONVERSION = YES;
				CLANG_WARN_COMMA = YES;
				CLANG_WARN_CONSTANT_CONVERSION = YES;
				CLANG_WARN_DEPRECATED_OBJC_IMPLEMENTATIONS = YES;
				CLANG_WARN_DIRECT_OBJC_ISA_USAGE = YES_ERROR;
				CLANG_WARN_DOCUMENTATION_COMMENTS = YES;
				CLANG_WARN_EMPTY_BODY = YES;
				CLANG_WARN_ENUM_CONVERSION = YES;
				CLANG_WARN_INFINITE_RECURSION = YES;
				CLANG_WARN_INT_CONVERSION = YES;
				CLANG_WARN_NON_LITERAL_NULL_CONVERSION = YES;
				CLANG_WARN_OBJC_IMPLICIT_RETAIN_SELF = YES;
				CLANG_WARN_OBJC_LITERAL_CONVERSION = YES;
				CLANG_WARN_OBJC_ROOT_CLASS = YES_ERROR;
				CLANG_WARN_QUOTED_INCLUDE_IN_FRAMEWORK_HEADER = YES;
				CLANG_WARN_RANGE_LOOP_ANALYSIS = YES;
				CLANG_WARN_STRICT_PROTOTYPES = YES;
				CLANG_WARN_SUSPICIOUS_MOVE = YES;
				CLANG_WARN_UNGUARDED_AVAILABILITY = YES_AGGRESSIVE;
				CLANG_WARN_UNREACHABLE_CODE = YES;
				CLANG_WARN__DUPLICATE_METHOD_MATCH = YES;
				COPY_PHASE_STRIP = NO;
				DEBUG_INFORMATION_FORMAT = "dwarf-with-dsym";
				ENABLE_NS_ASSERTIONS = NO;
				ENABLE_STRICT_OBJC_MSGSEND = YES;
				GCC_C_LANGUAGE_STANDARD = gnu11;
				GCC_NO_COMMON_BLOCKS = YES;
				GCC_WARN_64_TO_32_BIT_CONVERSION = YES;
				GCC_WARN_ABOUT_RETURN_TYPE = YES_ERROR;
				GCC_WARN_UNDECLARED_SELECTOR = YES;
				GCC_WARN_UNINITIALIZED_AUTOS = YES_AGGRESSIVE;
				GCC_WARN_UNUSED_FUNCTION = YES;
				GCC_WARN_UNUSED_VARIABLE = YES;
				IPHONEOS_DEPLOYMENT_TARGET = 16.4;
				MTL_ENABLE_DEBUG_INFO = NO;
				MTL_FAST_MATH = YES;
				SDKROOT = iphoneos;
				SWIFT_COMPILATION_MODE = wholemodule;
				SWIFT_OPTIMIZATION_LEVEL = "-O";
				VALIDATE_PRODUCT = YES;
			};
			name = Release;
		};
		C838A6112A610BE400771CB4 /* Debug */ = {
			isa = XCBuildConfiguration;
			buildSettings = {
				ASSETCATALOG_COMPILER_APPICON_NAME = AppIcon;
				ASSETCATALOG_COMPILER_GLOBAL_ACCENT_COLOR_NAME = AccentColor;
				CODE_SIGN_STYLE = Automatic;
				CURRENT_PROJECT_VERSION = 1;
				DEVELOPMENT_ASSET_PATHS = "\"placapp2/Preview Content\"";
				DEVELOPMENT_TEAM = UU6JTSDA8C;
				ENABLE_PREVIEWS = YES;
				GENERATE_INFOPLIST_FILE = YES;
				INFOPLIST_KEY_UIApplicationSceneManifest_Generation = YES;
				INFOPLIST_KEY_UIApplicationSupportsIndirectInputEvents = YES;
				INFOPLIST_KEY_UILaunchScreen_Generation = YES;
				INFOPLIST_KEY_UISupportedInterfaceOrientations_iPad = "UIInterfaceOrientationPortrait UIInterfaceOrientationPortraitUpsideDown UIInterfaceOrientationLandscapeLeft UIInterfaceOrientationLandscapeRight";
				INFOPLIST_KEY_UISupportedInterfaceOrientations_iPhone = "UIInterfaceOrientationPortrait UIInterfaceOrientationLandscapeLeft UIInterfaceOrientationLandscapeRight";
				IPHONEOS_DEPLOYMENT_TARGET = 16.0;
				LD_RUNPATH_SEARCH_PATHS = (
					"$(inherited)",
					"@executable_path/Frameworks",
				);
				MARKETING_VERSION = 1.0;
				PRODUCT_BUNDLE_IDENTIFIER = com.david.placapp2;
				PRODUCT_NAME = "$(TARGET_NAME)";
				SWIFT_EMIT_LOC_STRINGS = YES;
				SWIFT_VERSION = 5.0;
				TARGETED_DEVICE_FAMILY = "1,2";
			};
			name = Debug;
		};
		C838A6122A610BE400771CB4 /* Release */ = {
			isa = XCBuildConfiguration;
			buildSettings = {
				ASSETCATALOG_COMPILER_APPICON_NAME = AppIcon;
				ASSETCATALOG_COMPILER_GLOBAL_ACCENT_COLOR_NAME = AccentColor;
				CODE_SIGN_STYLE = Automatic;
				CURRENT_PROJECT_VERSION = 1;
				DEVELOPMENT_ASSET_PATHS = "\"placapp2/Preview Content\"";
				DEVELOPMENT_TEAM = UU6JTSDA8C;
				ENABLE_PREVIEWS = YES;
				GENERATE_INFOPLIST_FILE = YES;
				INFOPLIST_KEY_UIApplicationSceneManifest_Generation = YES;
				INFOPLIST_KEY_UIApplicationSupportsIndirectInputEvents = YES;
				INFOPLIST_KEY_UILaunchScreen_Generation = YES;
				INFOPLIST_KEY_UISupportedInterfaceOrientations_iPad = "UIInterfaceOrientationPortrait UIInterfaceOrientationPortraitUpsideDown UIInterfaceOrientationLandscapeLeft UIInterfaceOrientationLandscapeRight";
				INFOPLIST_KEY_UISupportedInterfaceOrientations_iPhone = "UIInterfaceOrientationPortrait UIInterfaceOrientationLandscapeLeft UIInterfaceOrientationLandscapeRight";
				IPHONEOS_DEPLOYMENT_TARGET = 16.0;
				LD_RUNPATH_SEARCH_PATHS = (
					"$(inherited)",
					"@executable_path/Frameworks",
				);
				MARKETING_VERSION = 1.0;
				PRODUCT_BUNDLE_IDENTIFIER = com.david.placapp2;
				PRODUCT_NAME = "$(TARGET_NAME)";
				SWIFT_EMIT_LOC_STRINGS = YES;
				SWIFT_VERSION = 5.0;
				TARGETED_DEVICE_FAMILY = "1,2";
			};
			name = Release;
		};
		C838A6142A610BE400771CB4 /* Debug */ = {
			isa = XCBuildConfiguration;
			buildSettings = {
				ALWAYS_EMBED_SWIFT_STANDARD_LIBRARIES = YES;
				BUNDLE_LOADER = "$(TEST_HOST)";
				CODE_SIGN_STYLE = Automatic;
				CURRENT_PROJECT_VERSION = 1;
				DEVELOPMENT_TEAM = D93AZG2998;
				GENERATE_INFOPLIST_FILE = YES;
				IPHONEOS_DEPLOYMENT_TARGET = 16.4;
				MARKETING_VERSION = 1.0;
				PRODUCT_BUNDLE_IDENTIFIER = com.david.placapp2Tests;
				PRODUCT_NAME = "$(TARGET_NAME)";
				SWIFT_EMIT_LOC_STRINGS = NO;
				SWIFT_VERSION = 5.0;
				TARGETED_DEVICE_FAMILY = "1,2";
				TEST_HOST = "$(BUILT_PRODUCTS_DIR)/placapp2.app/$(BUNDLE_EXECUTABLE_FOLDER_PATH)/placapp2";
			};
			name = Debug;
		};
		C838A6152A610BE400771CB4 /* Release */ = {
			isa = XCBuildConfiguration;
			buildSettings = {
				ALWAYS_EMBED_SWIFT_STANDARD_LIBRARIES = YES;
				BUNDLE_LOADER = "$(TEST_HOST)";
				CODE_SIGN_STYLE = Automatic;
				CURRENT_PROJECT_VERSION = 1;
				DEVELOPMENT_TEAM = D93AZG2998;
				GENERATE_INFOPLIST_FILE = YES;
				IPHONEOS_DEPLOYMENT_TARGET = 16.4;
				MARKETING_VERSION = 1.0;
				PRODUCT_BUNDLE_IDENTIFIER = com.david.placapp2Tests;
				PRODUCT_NAME = "$(TARGET_NAME)";
				SWIFT_EMIT_LOC_STRINGS = NO;
				SWIFT_VERSION = 5.0;
				TARGETED_DEVICE_FAMILY = "1,2";
				TEST_HOST = "$(BUILT_PRODUCTS_DIR)/placapp2.app/$(BUNDLE_EXECUTABLE_FOLDER_PATH)/placapp2";
			};
			name = Release;
		};
		C838A6172A610BE400771CB4 /* Debug */ = {
			isa = XCBuildConfiguration;
			buildSettings = {
				ALWAYS_EMBED_SWIFT_STANDARD_LIBRARIES = YES;
				CODE_SIGN_STYLE = Automatic;
				CURRENT_PROJECT_VERSION = 1;
				DEVELOPMENT_TEAM = D93AZG2998;
				GENERATE_INFOPLIST_FILE = YES;
				MARKETING_VERSION = 1.0;
				PRODUCT_BUNDLE_IDENTIFIER = com.david.placapp2UITests;
				PRODUCT_NAME = "$(TARGET_NAME)";
				SWIFT_EMIT_LOC_STRINGS = NO;
				SWIFT_VERSION = 5.0;
				TARGETED_DEVICE_FAMILY = "1,2";
				TEST_TARGET_NAME = placapp2;
			};
			name = Debug;
		};
		C838A6182A610BE400771CB4 /* Release */ = {
			isa = XCBuildConfiguration;
			buildSettings = {
				ALWAYS_EMBED_SWIFT_STANDARD_LIBRARIES = YES;
				CODE_SIGN_STYLE = Automatic;
				CURRENT_PROJECT_VERSION = 1;
				DEVELOPMENT_TEAM = D93AZG2998;
				GENERATE_INFOPLIST_FILE = YES;
				MARKETING_VERSION = 1.0;
				PRODUCT_BUNDLE_IDENTIFIER = com.david.placapp2UITests;
				PRODUCT_NAME = "$(TARGET_NAME)";
				SWIFT_EMIT_LOC_STRINGS = NO;
				SWIFT_VERSION = 5.0;
				TARGETED_DEVICE_FAMILY = "1,2";
				TEST_TARGET_NAME = placapp2;
			};
			name = Release;
		};
/* End XCBuildConfiguration section */

/* Begin XCConfigurationList section */
		C838A5E72A610BE100771CB4 /* Build configuration list for PBXProject "placapp2" */ = {
			isa = XCConfigurationList;
			buildConfigurations = (
				C838A60E2A610BE400771CB4 /* Debug */,
				C838A60F2A610BE400771CB4 /* Release */,
			);
			defaultConfigurationIsVisible = 0;
			defaultConfigurationName = Release;
		};
		C838A6102A610BE400771CB4 /* Build configuration list for PBXNativeTarget "placapp2" */ = {
			isa = XCConfigurationList;
			buildConfigurations = (
				C838A6112A610BE400771CB4 /* Debug */,
				C838A6122A610BE400771CB4 /* Release */,
			);
			defaultConfigurationIsVisible = 0;
			defaultConfigurationName = Release;
		};
		C838A6132A610BE400771CB4 /* Build configuration list for PBXNativeTarget "placapp2Tests" */ = {
			isa = XCConfigurationList;
			buildConfigurations = (
				C838A6142A610BE400771CB4 /* Debug */,
				C838A6152A610BE400771CB4 /* Release */,
			);
			defaultConfigurationIsVisible = 0;
			defaultConfigurationName = Release;
		};
		C838A6162A610BE400771CB4 /* Build configuration list for PBXNativeTarget "placapp2UITests" */ = {
			isa = XCConfigurationList;
			buildConfigurations = (
				C838A6172A610BE400771CB4 /* Debug */,
				C838A6182A610BE400771CB4 /* Release */,
			);
			defaultConfigurationIsVisible = 0;
			defaultConfigurationName = Release;
		};
/* End XCConfigurationList section */
	};
	rootObject = C838A5E42A610BE100771CB4 /* Project object */;
}
